
Microsoft Visual Studio Solution File, Format Version 12.00
# Visual Studio Version 17
VisualStudioVersion = 17.4.33213.308
MinimumVisualStudioVersion = 10.0.40219.1
Project("{FAE04EC0-301F-11D3-BF4B-00C04F79EFBC}") = "PDC06_Module06.Android", "PDC06_Module06\PDC06_Module06.Android\PDC06_Module06.Android.csproj", "{1D3550CB-BFE2-4784-AC73-4137F211D63A}"
EndProject
Project("{FAE04EC0-301F-11D3-BF4B-00C04F79EFBC}") = "PDC06_Module06", "PDC06_Module06\PDC06_Module06\PDC06_Module06.csproj", "{63106396-B566-4745-A4F6-678B9BA0E796}"
EndProject
Global
	GlobalSection(SolutionConfigurationPlatforms) = preSolution
		Debug|Any CPU = Debug|Any CPU
		Release|Any CPU = Release|Any CPU
	EndGlobalSection
	GlobalSection(ProjectConfigurationPlatforms) = postSolution
		{1D3550CB-BFE2-4784-AC73-4137F211D63A}.Debug|Any CPU.ActiveCfg = Debug|Any CPU
		{1D3550CB-BFE2-4784-AC73-4137F211D63A}.Debug|Any CPU.Build.0 = Debug|Any CPU
		{1D3550CB-BFE2-4784-AC73-4137F211D63A}.Debug|Any CPU.Deploy.0 = Debug|Any CPU
		{1D3550CB-BFE2-4784-AC73-4137F211D63A}.Release|Any CPU.ActiveCfg = Release|Any CPU
		{1D3550CB-BFE2-4784-AC73-4137F211D63A}.Release|Any CPU.Build.0 = Release|Any CPU
		{1D3550CB-BFE2-4784-AC73-4137F211D63A}.Release|Any CPU.Deploy.0 = Release|Any CPU
		{63106396-B566-4745-A4F6-678B9BA0E796}.Debug|Any CPU.ActiveCfg = Debug|Any CPU
		{63106396-B566-4745-A4F6-678B9BA0E796}.Debug|Any CPU.Build.0 = Debug|Any CPU
		{63106396-B566-4745-A4F6-678B9BA0E796}.Debug|Any CPU.Deploy.0 = Debug|Any CPU
		{63106396-B566-4745-A4F6-678B9BA0E796}.Release|Any CPU.ActiveCfg = Release|Any CPU
		{63106396-B566-4745-A4F6-678B9BA0E796}.Release|Any CPU.Build.0 = Release|Any CPU
		{63106396-B566-4745-A4F6-678B9BA0E796}.Release|Any CPU.Deploy.0 = Release|Any CPU
	EndGlobalSection
	GlobalSection(SolutionProperties) = preSolution
		HideSolutionNode = FALSE
	EndGlobalSection
	GlobalSection(ExtensibilityGlobals) = postSolution
		SolutionGuid = {6213AB0C-2BDB-4FCA-87C1-887B293148D6}
	EndGlobalSection
EndGlobal
